{
  "name": "changelog",
  "version": "1.0.0",
  "lockfileVersion": 1,
  "requires": true,
  "dependencies": {
    "@babel/code-frame": {
      "version": "7.18.6",
      "resolved": "http://52.83.221.223:4873/@babel%2fcode-frame/-/code-frame-7.18.6.tgz",
      "integrity": "sha512-TDCmlK5eOvH+eH7cdAFlNXeVJqWIQ7gW9tY1GJIpUtFb6CmjVyq2VM3u71bOyR8CRihcCgMUYoDNyLXao3+70Q==",
      "dev": true,
      "requires": {
        "@babel/highlight": "^7.18.6"
      }
    },
    "@babel/helper-validator-identifier": {
      "version": "7.18.6",
      "resolved": "http://52.83.221.223:4873/@babel%2fhelper-validator-identifier/-/helper-validator-identifier-7.18.6.tgz",
      "integrity": "sha512-MmetCkz9ej86nJQV+sFCxoGGrUbU3q02kgLciwkrt9QqEB7cP39oKEY0PakknEO0Gu20SskMRi+AYZ3b1TpN9g==",
      "dev": true
    },
    "@babel/highlight": {
      "version": "7.18.6",
      "resolved": "http://52.83.221.223:4873/@babel%2fhighlight/-/highlight-7.18.6.tgz",
      "integrity": "sha512-u7stbOuYjaPezCuLj29hNW1v64M2Md2qupEKP1fHc7WdOA3DgLh37suiSrZYY7haUB7iBeQZ9P1uiRF359do3g==",
      "dev": true,
      "requires": {
        "@babel/helper-validator-identifier": "^7.18.6",
        "chalk": "^2.0.0",
        "js-tokens": "^4.0.0"
      },
      "dependencies": {
        "ansi-styles": {
          "version": "3.2.1",
          "resolved": "http://52.83.221.223:4873/ansi-styles/-/ansi-styles-3.2.1.tgz",
          "integrity": "sha512-VT0ZI6kZRdTh8YyJw3SMbYm/u+NqfsAxEpWO0Pf9sq8/e94WxxOpPKx9FR1FlyCtOVDNOQ+8ntlqFxiRc+r5qA==",
          "dev": true,
          "requires": {
            "color-convert": "^1.9.0"
          }
        },
        "chalk": {
          "version": "2.4.2",
          "resolved": "http://52.83.221.223:4873/chalk/-/chalk-2.4.2.tgz",
          "integrity": "sha512-Mti+f9lpJNcwF4tWV8/OrTTtF1gZi+f8FqlyAdouralcFWFQWF2+NgCHShjkCb+IFBLq9buZwE1xckQU4peSuQ==",
          "dev": true,
          "requires": {
            "ansi-styles": "^3.2.1",
            "escape-string-regexp": "^1.0.5",
            "supports-color": "^5.3.0"
          }
        },
        "color-convert": {
          "version": "1.9.3",
          "resolved": "http://52.83.221.223:4873/color-convert/-/color-convert-1.9.3.tgz",
          "integrity": "sha512-QfAUtd+vFdAtFQcC8CCyYt1fYWxSqAiK2cSD6zDB8N3cpsEBAvRxp9zOGg6G/SHHJYAT88/az/IuDGALsNVbGg==",
          "dev": true,
          "requires": {
            "color-name": "1.1.3"
          }
        },
        "color-name": {
          "version": "1.1.3",
          "resolved": "http://52.83.221.223:4873/color-name/-/color-name-1.1.3.tgz",
          "integrity": "sha1-p9BVi9icQveV3UIyj3QIMcpTvCU=",
          "dev": true
        },
        "has-flag": {
          "version": "3.0.0",
          "resolved": "http://52.83.221.223:4873/has-flag/-/has-flag-3.0.0.tgz",
          "integrity": "sha1-tdRU3CGZriJWmfNGfloH87lVuv0=",
          "dev": true
        },
        "supports-color": {
          "version": "5.5.0",
          "resolved": "http://52.83.221.223:4873/supports-color/-/supports-color-5.5.0.tgz",
          "integrity": "sha512-QjVjwdXIt408MIiAqCX4oUKsgU2EqAGzs2Ppkm4aQYbjm+ZEWEcW4SfFNTr4uMNZma0ey4f5lgLrkB0aX0QMow==",
          "dev": true,
          "requires": {
            "has-flag": "^3.0.0"
          }
        }
      }
    },
    "@commitlint/config-validator": {
      "version": "17.0.3",
      "resolved": "http://52.83.221.223:4873/@commitlint%2fconfig-validator/-/config-validator-17.0.3.tgz",
      "integrity": "sha512-3tLRPQJKapksGE7Kee9axv+9z5I2GDHitDH4q63q7NmNA0wkB+DAorJ0RHz2/K00Zb1/MVdHzhCga34FJvDihQ==",
      "dev": true,
      "requires": {
        "@commitlint/types": "^17.0.0",
        "ajv": "^8.11.0"
      }
    },
    "@commitlint/ensure": {
      "version": "17.0.0",
      "resolved": "http://52.83.221.223:4873/@commitlint%2fensure/-/ensure-17.0.0.tgz",
      "integrity": "sha512-M2hkJnNXvEni59S0QPOnqCKIK52G1XyXBGw51mvh7OXDudCmZ9tZiIPpU882p475Mhx48Ien1MbWjCP1zlyC0A==",
      "dev": true,
      "requires": {
        "@commitlint/types": "^17.0.0",
        "lodash": "^4.17.19"
      }
    },
    "@commitlint/execute-rule": {
      "version": "17.0.0",
      "resolved": "http://52.83.221.223:4873/@commitlint%2fexecute-rule/-/execute-rule-17.0.0.tgz",
      "integrity": "sha512-nVjL/w/zuqjCqSJm8UfpNaw66V9WzuJtQvEnCrK4jDw6qKTmZB+1JQ8m6BQVZbNBcwfYdDNKnhIhqI0Rk7lgpQ==",
      "dev": true
    },
    "@commitlint/load": {
      "version": "17.0.3",
      "resolved": "http://52.83.221.223:4873/@commitlint%2fload/-/load-17.0.3.tgz",
      "integrity": "sha512-3Dhvr7GcKbKa/ey4QJ5MZH3+J7QFlARohUow6hftQyNjzoXXROm+RwpBes4dDFrXG1xDw9QPXA7uzrOShCd4bw==",
      "dev": true,
      "requires": {
        "@commitlint/config-validator": "^17.0.3",
        "@commitlint/execute-rule": "^17.0.0",
        "@commitlint/resolve-extends": "^17.0.3",
        "@commitlint/types": "^17.0.0",
        "@types/node": ">=12",
        "chalk": "^4.1.0",
        "cosmiconfig": "^7.0.0",
        "cosmiconfig-typescript-loader": "^2.0.0",
        "lodash": "^4.17.19",
        "resolve-from": "^5.0.0",
        "typescript": "^4.6.4"
      }
    },
    "@commitlint/prompt": {
      "version": "17.0.3",
      "resolved": "http://52.83.221.223:4873/@commitlint%2fprompt/-/prompt-17.0.3.tgz",
      "integrity": "sha512-YdR1tarst9bcjQXhD6+4S2/buEyUPC+9G1nfklwizQIzaiHe3rkvmF0HgTR8PJgZjvbHEOM2KDjBz3q60Dsmtw==",
      "dev": true,
      "requires": {
        "@commitlint/ensure": "^17.0.0",
        "@commitlint/load": "^17.0.3",
        "@commitlint/types": "^17.0.0",
        "chalk": "^4.1.0",
        "inquirer": "^6.5.2",
        "lodash": "^4.17.19"
      }
    },
    "@commitlint/prompt-cli": {
      "version": "17.0.3",
      "resolved": "http://52.83.221.223:4873/@commitlint%2fprompt-cli/-/prompt-cli-17.0.3.tgz",
      "integrity": "sha512-RUWbXKMrBDca4+mf0HcSSBVjMK8tzrGHpRFdPCwWZQ+dXAPBZ1RvDCaNAl9AdkJJqF556btrIqBjhmO5Q7VKoQ==",
      "dev": true,
      "requires": {
        "@commitlint/prompt": "^17.0.3",
        "execa": "^5.0.0",
        "inquirer": "^6.5.2"
      }
    },
    "@commitlint/resolve-extends": {
      "version": "17.0.3",
      "resolved": "http://52.83.221.223:4873/@commitlint%2fresolve-extends/-/resolve-extends-17.0.3.tgz",
      "integrity": "sha512-H/RFMvrcBeJCMdnVC4i8I94108UDccIHrTke2tyQEg9nXQnR5/Hd6MhyNWkREvcrxh9Y+33JLb+PiPiaBxCtBA==",
      "dev": true,
      "requires": {
        "@commitlint/config-validator": "^17.0.3",
        "@commitlint/types": "^17.0.0",
        "import-fresh": "^3.0.0",
        "lodash": "^4.17.19",
        "resolve-from": "^5.0.0",
        "resolve-global": "^1.0.0"
      }
    },
    "@commitlint/types": {
      "version": "17.0.0",
      "resolved": "http://52.83.221.223:4873/@commitlint%2ftypes/-/types-17.0.0.tgz",
      "integrity": "sha512-hBAw6U+SkAT5h47zDMeOu3HSiD0SODw4Aq7rRNh1ceUmL7GyLKYhPbUvlRWqZ65XjBLPHZhFyQlRaPNz8qvUyQ==",
      "dev": true,
      "requires": {
        "chalk": "^4.1.0"
      }
    },
    "@cspotcode/source-map-support": {
      "version": "0.8.1",
      "resolved": "http://52.83.221.223:4873/@cspotcode%2fsource-map-support/-/source-map-support-0.8.1.tgz",
      "integrity": "sha512-IchNf6dN4tHoMFIn/7OE8LWZ19Y6q/67Bmf6vnGREv8RSbBVb9LPJxEcnwrcwX6ixSvaiGoomAUvu4YSxXrVgw==",
      "dev": true,
      "requires": {
        "@jridgewell/trace-mapping": "0.3.9"
      }
    },
    "@jridgewell/resolve-uri": {
      "version": "3.1.0",
      "resolved": "http://52.83.221.223:4873/@jridgewell%2fresolve-uri/-/resolve-uri-3.1.0.tgz",
      "integrity": "sha512-F2msla3tad+Mfht5cJq7LSXcdudKTWCVYUgw6pLFOOHSTtZlj6SWNYAp+AhuqLmWdBO2X5hPrLcu8cVP8fy28w==",
      "dev": true
    },
    "@jridgewell/sourcemap-codec": {
      "version": "1.4.14",
      "resolved": "http://52.83.221.223:4873/@jridgewell%2fsourcemap-codec/-/sourcemap-codec-1.4.14.tgz",
      "integrity": "sha512-XPSJHWmi394fuUuzDnGz1wiKqWfo1yXecHQMRf2l6hztTO+nPru658AyDngaBe7isIxEkRsPR3FZh+s7iVa4Uw==",
      "dev": true
    },
    "@jridgewell/trace-mapping": {
      "version": "0.3.9",
      "resolved": "http://52.83.221.223:4873/@jridgewell%2ftrace-mapping/-/trace-mapping-0.3.9.tgz",
      "integrity": "sha512-3Belt6tdc8bPgAtbcmdtNJlirVoTmEb5e2gC94PnkwEW9jI6CAHUeoG85tjWP5WquqfavoMtMwiG4P926ZKKuQ==",
      "dev": true,
      "requires": {
        "@jridgewell/resolve-uri": "^3.0.3",
        "@jridgewell/sourcemap-codec": "^1.4.10"
      }
    },
    "@tsconfig/node10": {
      "version": "1.0.9",
      "resolved": "http://52.83.221.223:4873/@tsconfig%2fnode10/-/node10-1.0.9.tgz",
      "integrity": "sha512-jNsYVVxU8v5g43Erja32laIDHXeoNvFEpX33OK4d6hljo3jDhCBDhx5dhCCTMWUojscpAagGiRkBKxpdl9fxqA==",
      "dev": true
    },
    "@tsconfig/node12": {
      "version": "1.0.11",
      "resolved": "http://52.83.221.223:4873/@tsconfig%2fnode12/-/node12-1.0.11.tgz",
      "integrity": "sha512-cqefuRsh12pWyGsIoBKJA9luFu3mRxCA+ORZvA4ktLSzIuCUtWVxGIuXigEwO5/ywWFMZ2QEGKWvkZG1zDMTag==",
      "dev": true
    },
    "@tsconfig/node14": {
      "version": "1.0.3",
      "resolved": "http://52.83.221.223:4873/@tsconfig%2fnode14/-/node14-1.0.3.tgz",
      "integrity": "sha512-ysT8mhdixWK6Hw3i1V2AeRqZ5WfXg1G43mqoYlM2nc6388Fq5jcXyr5mRsqViLx/GJYdoL0bfXD8nmF+Zn/Iow==",
      "dev": true
    },
    "@tsconfig/node16": {
      "version": "1.0.3",
      "resolved": "http://52.83.221.223:4873/@tsconfig%2fnode16/-/node16-1.0.3.tgz",
      "integrity": "sha512-yOlFc+7UtL/89t2ZhjPvvB/DeAr3r+Dq58IgzsFkOAvVC6NMJXmCGjbptdXdR9qsX7pKcTL+s87FtYREi2dEEQ==",
      "dev": true
    },
    "@types/node": {
      "version": "18.6.2",
      "resolved": "http://52.83.221.223:4873/@types%2fnode/-/node-18.6.2.tgz",
      "integrity": "sha512-KcfkBq9H4PI6Vpu5B/KoPeuVDAbmi+2mDBqGPGUgoL7yXQtcWGu2vJWmmRkneWK3Rh0nIAX192Aa87AqKHYChQ==",
      "dev": true
    },
    "@types/parse-json": {
      "version": "4.0.0",
      "resolved": "http://52.83.221.223:4873/@types%2fparse-json/-/parse-json-4.0.0.tgz",
      "integrity": "sha512-//oorEZjL6sbPcKUaCdIGlIUeH26mgzimjBB77G6XRgnDl/L5wOnpyBGRe/Mmf5CVW3PwEBE1NjiMZ/ssFh4wA==",
      "dev": true
    },
    "acorn": {
      "version": "8.8.0",
      "resolved": "http://52.83.221.223:4873/acorn/-/acorn-8.8.0.tgz",
      "integrity": "sha512-QOxyigPVrpZ2GXT+PFyZTl6TtOFc5egxHIP9IlQ+RbupQuX4RkT/Bee4/kQuC02Xkzg84JcT7oLYtDIQxp+v7w==",
      "dev": true
    },
    "acorn-walk": {
      "version": "8.2.0",
      "resolved": "http://52.83.221.223:4873/acorn-walk/-/acorn-walk-8.2.0.tgz",
      "integrity": "sha512-k+iyHEuPgSw6SbuDpGQM+06HQUa04DZ3o+F6CSzXMvvI5KMvnaEqXe+YVe555R9nn6GPt404fos4wcgpw12SDA==",
      "dev": true
    },
    "ajv": {
      "version": "8.11.0",
      "resolved": "http://52.83.221.223:4873/ajv/-/ajv-8.11.0.tgz",
      "integrity": "sha512-wGgprdCvMalC0BztXvitD2hC04YffAvtsUn93JbGXYLAtCUO4xd17mCCZQxUOItiBwZvJScWo8NIvQMQ71rdpg==",
      "dev": true,
      "requires": {
        "fast-deep-equal": "^3.1.1",
        "json-schema-traverse": "^1.0.0",
        "require-from-string": "^2.0.2",
        "uri-js": "^4.2.2"
      }
    },
    "ansi-escapes": {
      "version": "3.2.0",
      "resolved": "http://52.83.221.223:4873/ansi-escapes/-/ansi-escapes-3.2.0.tgz",
      "integrity": "sha512-cBhpre4ma+U0T1oM5fXg7Dy1Jw7zzwv7lt/GoCpr+hDQJoYnKVPLL4dCvSEFMmQurOQvSrwT7SL/DAlhBI97RQ==",
      "dev": true
    },
    "ansi-regex": {
      "version": "3.0.1",
      "resolved": "http://52.83.221.223:4873/ansi-regex/-/ansi-regex-3.0.1.tgz",
      "integrity": "sha512-+O9Jct8wf++lXxxFc4hc8LsjaSq0HFzzL7cVsw8pRDIPdjKD2mT4ytDZlLuSBZ4cLKZFXIrMGO7DbQCtMJJMKw==",
      "dev": true
    },
    "ansi-styles": {
      "version": "4.3.0",
      "resolved": "http://52.83.221.223:4873/ansi-styles/-/ansi-styles-4.3.0.tgz",
      "integrity": "sha512-zbB9rCJAT1rbjiVDb2hqKFHNYLxgtk8NURxZ3IZwD3F6NtxbXZQCnnSi1Lkx+IDohdPlFp222wVALIheZJQSEg==",
      "dev": true,
      "requires": {
        "color-convert": "^2.0.1"
      }
    },
    "arg": {
      "version": "4.1.3",
      "resolved": "http://52.83.221.223:4873/arg/-/arg-4.1.3.tgz",
      "integrity": "sha512-58S9QDqG0Xx27YwPSt9fJxivjYl432YCwfDMfZ+71RAqUrZef7LrKQZ3LHLOwCS4FLNBplP533Zx895SeOCHvA==",
      "dev": true
    },
    "callsites": {
      "version": "3.1.0",
      "resolved": "http://52.83.221.223:4873/callsites/-/callsites-3.1.0.tgz",
      "integrity": "sha512-P8BjAsXvZS+VIDUI11hHCQEv74YT67YUi5JJFNWIqL235sBmjX4+qx9Muvls5ivyNENctx46xQLQ3aTuE7ssaQ==",
      "dev": true
    },
    "chalk": {
      "version": "4.1.2",
      "resolved": "http://52.83.221.223:4873/chalk/-/chalk-4.1.2.tgz",
      "integrity": "sha512-oKnbhFyRIXpUuez8iBMmyEa4nbj4IOQyuhc/wy9kY7/WVPcwIO9VA668Pu8RkO7+0G76SLROeyw9CpQ061i4mA==",
      "dev": true,
      "requires": {
        "ansi-styles": "^4.1.0",
        "supports-color": "^7.1.0"
      }
    },
    "chardet": {
      "version": "0.7.0",
      "resolved": "http://52.83.221.223:4873/chardet/-/chardet-0.7.0.tgz",
      "integrity": "sha512-mT8iDcrh03qDGRRmoA2hmBJnxpllMR+0/0qlzjqZES6NdiWDcZkCNAk4rPFZ9Q85r27unkiNNg8ZOiwZXBHwcA==",
      "dev": true
    },
    "cli-cursor": {
      "version": "2.1.0",
      "resolved": "http://52.83.221.223:4873/cli-cursor/-/cli-cursor-2.1.0.tgz",
      "integrity": "sha1-s12sN2R5+sw+lHR9QdDQ9SOP/LU=",
      "dev": true,
      "requires": {
        "restore-cursor": "^2.0.0"
      }
    },
    "cli-width": {
      "version": "2.2.1",
      "resolved": "http://52.83.221.223:4873/cli-width/-/cli-width-2.2.1.tgz",
      "integrity": "sha512-GRMWDxpOB6Dgk2E5Uo+3eEBvtOOlimMmpbFiKuLFnQzYDavtLFY3K5ona41jgN/WdRZtG7utuVSVTL4HbZHGkw==",
      "dev": true
    },
    "color-convert": {
      "version": "2.0.1",
      "resolved": "http://52.83.221.223:4873/color-convert/-/color-convert-2.0.1.tgz",
      "integrity": "sha512-RRECPsj7iu/xb5oKYcsFHSppFNnsj/52OVTRKb4zP5onXwVF3zVmmToNcOfGC+CRDpfK/U584fMg38ZHCaElKQ==",
      "dev": true,
      "requires": {
        "color-name": "~1.1.4"
      }
    },
    "color-name": {
      "version": "1.1.4",
      "resolved": "http://52.83.221.223:4873/color-name/-/color-name-1.1.4.tgz",
      "integrity": "sha512-dOy+3AuW3a2wNbZHIuMZpTcgjGuLU/uBL/ubcZF9OXbDo8ff4O8yVp5Bf0efS8uEoYo5q4Fx7dY9OgQGXgAsQA==",
      "dev": true
    },
    "cosmiconfig": {
      "version": "7.0.1",
      "resolved": "http://52.83.221.223:4873/cosmiconfig/-/cosmiconfig-7.0.1.tgz",
      "integrity": "sha512-a1YWNUV2HwGimB7dU2s1wUMurNKjpx60HxBB6xUM8Re+2s1g1IIfJvFR0/iCF+XHdE0GMTKTuLR32UQff4TEyQ==",
      "dev": true,
      "requires": {
        "@types/parse-json": "^4.0.0",
        "import-fresh": "^3.2.1",
        "parse-json": "^5.0.0",
        "path-type": "^4.0.0",
        "yaml": "^1.10.0"
      }
    },
    "cosmiconfig-typescript-loader": {
      "version": "2.0.2",
      "resolved": "http://52.83.221.223:4873/cosmiconfig-typescript-loader/-/cosmiconfig-typescript-loader-2.0.2.tgz",
      "integrity": "sha512-KmE+bMjWMXJbkWCeY4FJX/npHuZPNr9XF9q9CIQ/bpFwi1qHfCmSiKarrCcRa0LO4fWjk93pVoeRtJAkTGcYNw==",
      "dev": true,
      "requires": {
        "cosmiconfig": "^7",
        "ts-node": "^10.8.1"
      }
    },
    "create-require": {
      "version": "1.1.1",
      "resolved": "http://52.83.221.223:4873/create-require/-/create-require-1.1.1.tgz",
      "integrity": "sha512-dcKFX3jn0MpIaXjisoRvexIJVEKzaq7z2rZKxf+MSr9TkdmHmsU4m2lcLojrj/FHl8mk5VxMmYA+ftRkP/3oKQ==",
      "dev": true
    },
    "cross-spawn": {
      "version": "7.0.3",
      "resolved": "http://52.83.221.223:4873/cross-spawn/-/cross-spawn-7.0.3.tgz",
      "integrity": "sha512-iRDPJKUPVEND7dHPO8rkbOnPpyDygcDFtWjpeWNCgy8WP2rXcxXL8TskReQl6OrB2G7+UJrags1q15Fudc7G6w==",
      "dev": true,
      "requires": {
        "path-key": "^3.1.0",
        "shebang-command": "^2.0.0",
        "which": "^2.0.1"
      }
    },
    "diff": {
      "version": "4.0.2",
      "resolved": "http://52.83.221.223:4873/diff/-/diff-4.0.2.tgz",
      "integrity": "sha512-58lmxKSA4BNyLz+HHMUzlOEpg09FV+ev6ZMe3vJihgdxzgcwZ8VoEEPmALCZG9LmqfVoNMMKpttIYTVG6uDY7A==",
      "dev": true
    },
    "error-ex": {
      "version": "1.3.2",
      "resolved": "http://52.83.221.223:4873/error-ex/-/error-ex-1.3.2.tgz",
      "integrity": "sha512-7dFHNmqeFSEt2ZBsCriorKnn3Z2pj+fd9kmI6QoWw4//DL+icEBfc0U7qJCisqrTsKTjw4fNFy2pW9OqStD84g==",
      "dev": true,
      "requires": {
        "is-arrayish": "^0.2.1"
      }
    },
    "escape-string-regexp": {
      "version": "1.0.5",
      "resolved": "http://52.83.221.223:4873/escape-string-regexp/-/escape-string-regexp-1.0.5.tgz",
      "integrity": "sha1-G2HAViGQqN/2rjuyzwIAyhMLhtQ=",
      "dev": true
    },
    "execa": {
      "version": "5.1.1",
      "resolved": "http://52.83.221.223:4873/execa/-/execa-5.1.1.tgz",
      "integrity": "sha512-8uSpZZocAZRBAPIEINJj3Lo9HyGitllczc27Eh5YYojjMFMn8yHMDMaUHE2Jqfq05D/wucwI4JGURyXt1vchyg==",
      "dev": true,
      "requires": {
        "cross-spawn": "^7.0.3",
        "get-stream": "^6.0.0",
        "human-signals": "^2.1.0",
        "is-stream": "^2.0.0",
        "merge-stream": "^2.0.0",
        "npm-run-path": "^4.0.1",
        "onetime": "^5.1.2",
        "signal-exit": "^3.0.3",
        "strip-final-newline": "^2.0.0"
      },
      "dependencies": {
        "mimic-fn": {
          "version": "2.1.0",
          "resolved": "http://52.83.221.223:4873/mimic-fn/-/mimic-fn-2.1.0.tgz",
          "integrity": "sha512-OqbOk5oEQeAZ8WXWydlu9HJjz9WVdEIvamMCcXmuqUYjTknH/sqsWvhQ3vgwKFRR1HpjvNBKQ37nbJgYzGqGcg==",
          "dev": true
        },
        "onetime": {
          "version": "5.1.2",
          "resolved": "http://52.83.221.223:4873/onetime/-/onetime-5.1.2.tgz",
          "integrity": "sha512-kbpaSSGJTWdAY5KPVeMOKXSrPtr8C8C7wodJbcsd51jRnmD+GZu8Y0VoU6Dm5Z4vWr0Ig/1NKuWRKf7j5aaYSg==",
          "dev": true,
          "requires": {
            "mimic-fn": "^2.1.0"
          }
        }
      }
    },
    "external-editor": {
      "version": "3.1.0",
      "resolved": "http://52.83.221.223:4873/external-editor/-/external-editor-3.1.0.tgz",
      "integrity": "sha512-hMQ4CX1p1izmuLYyZqLMO/qGNw10wSv9QDCPfzXfyFrOaCSSoRfqE1Kf1s5an66J5JZC62NewG+mK49jOCtQew==",
      "dev": true,
      "requires": {
        "chardet": "^0.7.0",
        "iconv-lite": "^0.4.24",
        "tmp": "^0.0.33"
      }
    },
    "fast-deep-equal": {
      "version": "3.1.3",
      "resolved": "http://52.83.221.223:4873/fast-deep-equal/-/fast-deep-equal-3.1.3.tgz",
      "integrity": "sha512-f3qQ9oQy9j2AhBe/H9VC91wLmKBCCU/gDOnKNAYG5hswO7BLKj09Hc5HYNz9cGI++xlpDCIgDaitVs03ATR84Q==",
      "dev": true
    },
    "figures": {
      "version": "2.0.0",
      "resolved": "http://52.83.221.223:4873/figures/-/figures-2.0.0.tgz",
      "integrity": "sha1-OrGi0qYsi/tDGgyUy3l6L84nyWI=",
      "dev": true,
      "requires": {
        "escape-string-regexp": "^1.0.5"
      }
    },
    "get-stream": {
      "version": "6.0.1",
      "resolved": "http://52.83.221.223:4873/get-stream/-/get-stream-6.0.1.tgz",
      "integrity": "sha512-ts6Wi+2j3jQjqi70w5AlN8DFnkSwC+MqmxEzdEALB2qXZYV3X/b1CTfgPLGJNMeAWxdPfU8FO1ms3NUfaHCPYg==",
      "dev": true
    },
    "git-cz": {
      "version": "4.9.0",
      "resolved": "http://52.83.221.223:4873/git-cz/-/git-cz-4.9.0.tgz",
      "integrity": "sha512-cSRL8IIOXU7UFLdbziCYqg8f8InwLwqHezkiRHNSph7oZqGv0togId1kMTfKil6gzK0VaSXeVBb4oDl0fQCHiw==",
      "dev": true
    },
    "global-dirs": {
      "version": "0.1.1",
      "resolved": "http://52.83.221.223:4873/global-dirs/-/global-dirs-0.1.1.tgz",
      "integrity": "sha1-sxnA3UYH81PzvpzKTHL8FIxJ9EU=",
      "dev": true,
      "requires": {
        "ini": "^1.3.4"
      }
    },
    "has-flag": {
      "version": "4.0.0",
      "resolved": "http://52.83.221.223:4873/has-flag/-/has-flag-4.0.0.tgz",
      "integrity": "sha512-EykJT/Q1KjTWctppgIAgfSO0tKVuZUjhgMr17kqTumMl6Afv3EISleU7qZUzoXDFTAHTDC4NOoG/ZxU3EvlMPQ==",
      "dev": true
    },
    "human-signals": {
      "version": "2.1.0",
      "resolved": "http://52.83.221.223:4873/human-signals/-/human-signals-2.1.0.tgz",
      "integrity": "sha512-B4FFZ6q/T2jhhksgkbEW3HBvWIfDW85snkQgawt07S7J5QXTk6BkNV+0yAeZrM5QpMAdYlocGoljn0sJ/WQkFw==",
      "dev": true
    },
    "iconv-lite": {
      "version": "0.4.24",
      "resolved": "http://52.83.221.223:4873/iconv-lite/-/iconv-lite-0.4.24.tgz",
      "integrity": "sha512-v3MXnZAcvnywkTUEZomIActle7RXXeedOR31wwl7VlyoXO4Qi9arvSenNQWne1TcRwhCL1HwLI21bEqdpj8/rA==",
      "dev": true,
      "requires": {
        "safer-buffer": ">= 2.1.2 < 3"
      }
    },
    "import-fresh": {
      "version": "3.3.0",
      "resolved": "http://52.83.221.223:4873/import-fresh/-/import-fresh-3.3.0.tgz",
      "integrity": "sha512-veYYhQa+D1QBKznvhUHxb8faxlrwUnxseDAbAp457E0wLNio2bOSKnjYDhMj+YiAq61xrMGhQk9iXVk5FzgQMw==",
      "dev": true,
      "requires": {
        "parent-module": "^1.0.0",
        "resolve-from": "^4.0.0"
      },
      "dependencies": {
        "resolve-from": {
          "version": "4.0.0",
          "resolved": "http://52.83.221.223:4873/resolve-from/-/resolve-from-4.0.0.tgz",
          "integrity": "sha512-pb/MYmXstAkysRFx8piNI1tGFNQIFA3vkE3Gq4EuA1dF6gHp/+vgZqsCGJapvy8N3Q+4o7FwvquPJcnZ7RYy4g==",
          "dev": true
        }
      }
    },
    "ini": {
      "version": "1.3.8",
      "resolved": "http://52.83.221.223:4873/ini/-/ini-1.3.8.tgz",
      "integrity": "sha512-JV/yugV2uzW5iMRSiZAyDtQd+nxtUnjeLt0acNdw98kKLrvuRVyB80tsREOE7yvGVgalhZ6RNXCmEHkUKBKxew==",
      "dev": true
    },
    "inquirer": {
      "version": "6.5.2",
      "resolved": "http://52.83.221.223:4873/inquirer/-/inquirer-6.5.2.tgz",
      "integrity": "sha512-cntlB5ghuB0iuO65Ovoi8ogLHiWGs/5yNrtUcKjFhSSiVeAIVpD7koaSU9RM8mpXw5YDi9RdYXGQMaOURB7ycQ==",
      "dev": true,
      "requires": {
        "ansi-escapes": "^3.2.0",
        "chalk": "^2.4.2",
        "cli-cursor": "^2.1.0",
        "cli-width": "^2.0.0",
        "external-editor": "^3.0.3",
        "figures": "^2.0.0",
        "lodash": "^4.17.12",
        "mute-stream": "0.0.7",
        "run-async": "^2.2.0",
        "rxjs": "^6.4.0",
        "string-width": "^2.1.0",
        "strip-ansi": "^5.1.0",
        "through": "^2.3.6"
      },
      "dependencies": {
        "ansi-styles": {
          "version": "3.2.1",
          "resolved": "http://52.83.221.223:4873/ansi-styles/-/ansi-styles-3.2.1.tgz",
          "integrity": "sha512-VT0ZI6kZRdTh8YyJw3SMbYm/u+NqfsAxEpWO0Pf9sq8/e94WxxOpPKx9FR1FlyCtOVDNOQ+8ntlqFxiRc+r5qA==",
          "dev": true,
          "requires": {
            "color-convert": "^1.9.0"
          }
        },
        "chalk": {
          "version": "2.4.2",
          "resolved": "http://52.83.221.223:4873/chalk/-/chalk-2.4.2.tgz",
          "integrity": "sha512-Mti+f9lpJNcwF4tWV8/OrTTtF1gZi+f8FqlyAdouralcFWFQWF2+NgCHShjkCb+IFBLq9buZwE1xckQU4peSuQ==",
          "dev": true,
          "requires": {
            "ansi-styles": "^3.2.1",
            "escape-string-regexp": "^1.0.5",
            "supports-color": "^5.3.0"
          }
        },
        "color-convert": {
          "version": "1.9.3",
          "resolved": "http://52.83.221.223:4873/color-convert/-/color-convert-1.9.3.tgz",
          "integrity": "sha512-QfAUtd+vFdAtFQcC8CCyYt1fYWxSqAiK2cSD6zDB8N3cpsEBAvRxp9zOGg6G/SHHJYAT88/az/IuDGALsNVbGg==",
          "dev": true,
          "requires": {
            "color-name": "1.1.3"
          }
        },
        "color-name": {
          "version": "1.1.3",
          "resolved": "http://52.83.221.223:4873/color-name/-/color-name-1.1.3.tgz",
          "integrity": "sha1-p9BVi9icQveV3UIyj3QIMcpTvCU=",
          "dev": true
        },
        "has-flag": {
          "version": "3.0.0",
          "resolved": "http://52.83.221.223:4873/has-flag/-/has-flag-3.0.0.tgz",
          "integrity": "sha1-tdRU3CGZriJWmfNGfloH87lVuv0=",
          "dev": true
        },
        "supports-color": {
          "version": "5.5.0",
          "resolved": "http://52.83.221.223:4873/supports-color/-/supports-color-5.5.0.tgz",
          "integrity": "sha512-QjVjwdXIt408MIiAqCX4oUKsgU2EqAGzs2Ppkm4aQYbjm+ZEWEcW4SfFNTr4uMNZma0ey4f5lgLrkB0aX0QMow==",
          "dev": true,
          "requires": {
            "has-flag": "^3.0.0"
          }
        }
      }
    },
    "is-arrayish": {
      "version": "0.2.1",
      "resolved": "http://52.83.221.223:4873/is-arrayish/-/is-arrayish-0.2.1.tgz",
      "integrity": "sha1-d8mYQFJ6qOyxqLppe4BkWnqSap0=",
      "dev": true
    },
    "is-fullwidth-code-point": {
      "version": "2.0.0",
      "resolved": "http://52.83.221.223:4873/is-fullwidth-code-point/-/is-fullwidth-code-point-2.0.0.tgz",
      "integrity": "sha1-o7MKXE8ZkYMWeqq5O+764937ZU8=",
      "dev": true
    },
    "is-stream": {
      "version": "2.0.1",
      "resolved": "http://52.83.221.223:4873/is-stream/-/is-stream-2.0.1.tgz",
      "integrity": "sha512-hFoiJiTl63nn+kstHGBtewWSKnQLpyb155KHheA1l39uvtO9nWIop1p3udqPcUd/xbF1VLMO4n7OI6p7RbngDg==",
      "dev": true
    },
    "isexe": {
      "version": "2.0.0",
      "resolved": "http://52.83.221.223:4873/isexe/-/isexe-2.0.0.tgz",
      "integrity": "sha1-6PvzdNxVb/iUehDcsFctYz8s+hA=",
      "dev": true
    },
    "js-tokens": {
      "version": "4.0.0",
      "resolved": "http://52.83.221.223:4873/js-tokens/-/js-tokens-4.0.0.tgz",
      "integrity": "sha512-RdJUflcE3cUzKiMqQgsCu06FPu9UdIJO0beYbPhHN4k6apgJtifcoCtT9bcxOpYBtpD2kCM6Sbzg4CausW/PKQ==",
      "dev": true
    },
    "json-parse-even-better-errors": {
      "version": "2.3.1",
      "resolved": "http://52.83.221.223:4873/json-parse-even-better-errors/-/json-parse-even-better-errors-2.3.1.tgz",
      "integrity": "sha512-xyFwyhro/JEof6Ghe2iz2NcXoj2sloNsWr/XsERDK/oiPCfaNhl5ONfp+jQdAZRQQ0IJWNzH9zIZF7li91kh2w==",
      "dev": true
    },
    "json-schema-traverse": {
      "version": "1.0.0",
      "resolved": "http://52.83.221.223:4873/json-schema-traverse/-/json-schema-traverse-1.0.0.tgz",
      "integrity": "sha512-NM8/P9n3XjXhIZn1lLhkFaACTOURQXjWhV4BA/RnOv8xvgqtqpAX9IO4mRQxSx1Rlo4tqzeqb0sOlruaOy3dug==",
      "dev": true
    },
    "lines-and-columns": {
      "version": "1.2.4",
      "resolved": "http://52.83.221.223:4873/lines-and-columns/-/lines-and-columns-1.2.4.tgz",
      "integrity": "sha512-7ylylesZQ/PV29jhEDl3Ufjo6ZX7gCqJr5F7PKrqc93v7fzSymt1BpwEU8nAUXs8qzzvqhbjhK5QZg6Mt/HkBg==",
      "dev": true
    },
    "lodash": {
      "version": "4.17.21",
      "resolved": "http://52.83.221.223:4873/lodash/-/lodash-4.17.21.tgz",
      "integrity": "sha512-v2kDEe57lecTulaDIuNTPy3Ry4gLGJ6Z1O3vE1krgXZNrsQ+LFTGHVxVjcXPs17LhbZVGedAJv8XZ1tvj5FvSg==",
      "dev": true
    },
    "make-error": {
      "version": "1.3.6",
      "resolved": "http://52.83.221.223:4873/make-error/-/make-error-1.3.6.tgz",
      "integrity": "sha512-s8UhlNe7vPKomQhC1qFelMokr/Sc3AgNbso3n74mVPA5LTZwkB9NlXf4XPamLxJE8h0gh73rM94xvwRT2CVInw==",
      "dev": true
    },
    "merge-stream": {
      "version": "2.0.0",
      "resolved": "http://52.83.221.223:4873/merge-stream/-/merge-stream-2.0.0.tgz",
      "integrity": "sha512-abv/qOcuPfk3URPfDzmZU1LKmuw8kT+0nIHvKrKgFrwifol/doWcdA4ZqsWQ8ENrFKkd67Mfpo/LovbIUsbt3w==",
      "dev": true
    },
    "mimic-fn": {
      "version": "1.2.0",
      "resolved": "http://52.83.221.223:4873/mimic-fn/-/mimic-fn-1.2.0.tgz",
      "integrity": "sha512-jf84uxzwiuiIVKiOLpfYk7N46TSy8ubTonmneY9vrpHNAnp0QBt2BxWV9dO3/j+BoVAb+a5G6YDPW3M5HOdMWQ==",
      "dev": true
    },
    "mute-stream": {
      "version": "0.0.7",
      "resolved": "http://52.83.221.223:4873/mute-stream/-/mute-stream-0.0.7.tgz",
      "integrity": "sha1-MHXOk7whuPq0PhvE2n6BFe0ee6s=",
      "dev": true
    },
    "npm-run-path": {
      "version": "4.0.1",
      "resolved": "http://52.83.221.223:4873/npm-run-path/-/npm-run-path-4.0.1.tgz",
      "integrity": "sha512-S48WzZW777zhNIrn7gxOlISNAqi9ZC/uQFnRdbeIHhZhCA6UqpkOT8T1G7BvfdgP4Er8gF4sUbaS0i7QvIfCWw==",
      "dev": true,
      "requires": {
        "path-key": "^3.0.0"
      }
    },
    "onetime": {
      "version": "2.0.1",
      "resolved": "http://52.83.221.223:4873/onetime/-/onetime-2.0.1.tgz",
      "integrity": "sha1-BnQoIw/WdEOyeUsiu6UotoZ5YtQ=",
      "dev": true,
      "requires": {
        "mimic-fn": "^1.0.0"
      }
    },
    "os-tmpdir": {
      "version": "1.0.2",
      "resolved": "http://52.83.221.223:4873/os-tmpdir/-/os-tmpdir-1.0.2.tgz",
      "integrity": "sha1-u+Z0BseaqFxc/sdm/lc0VV36EnQ=",
      "dev": true
    },
    "parent-module": {
      "version": "1.0.1",
      "resolved": "http://52.83.221.223:4873/parent-module/-/parent-module-1.0.1.tgz",
      "integrity": "sha512-GQ2EWRpQV8/o+Aw8YqtfZZPfNRWZYkbidE9k5rpl/hC3vtHHBfGm2Ifi6qWV+coDGkrUKZAxE3Lot5kcsRlh+g==",
      "dev": true,
      "requires": {
        "callsites": "^3.0.0"
      }
    },
    "parse-json": {
      "version": "5.2.0",
      "resolved": "http://52.83.221.223:4873/parse-json/-/parse-json-5.2.0.tgz",
      "integrity": "sha512-ayCKvm/phCGxOkYRSCM82iDwct8/EonSEgCSxWxD7ve6jHggsFl4fZVQBPRNgQoKiuV/odhFrGzQXZwbifC8Rg==",
      "dev": true,
      "requires": {
        "@babel/code-frame": "^7.0.0",
        "error-ex": "^1.3.1",
        "json-parse-even-better-errors": "^2.3.0",
        "lines-and-columns": "^1.1.6"
      }
    },
    "path-key": {
      "version": "3.1.1",
      "resolved": "http://52.83.221.223:4873/path-key/-/path-key-3.1.1.tgz",
      "integrity": "sha512-ojmeN0qd+y0jszEtoY48r0Peq5dwMEkIlCOu6Q5f41lfkswXuKtYrhgoTpLnyIcHm24Uhqx+5Tqm2InSwLhE6Q==",
      "dev": true
    },
    "path-type": {
      "version": "4.0.0",
      "resolved": "http://52.83.221.223:4873/path-type/-/path-type-4.0.0.tgz",
      "integrity": "sha512-gDKb8aZMDeD/tZWs9P6+q0J9Mwkdl6xMV8TjnGP3qJVJ06bdMgkbBlLU8IdfOsIsFz2BW1rNVT3XuNEl8zPAvw==",
      "dev": true
    },
    "punycode": {
      "version": "2.1.1",
      "resolved": "http://52.83.221.223:4873/punycode/-/punycode-2.1.1.tgz",
      "integrity": "sha512-XRsRjdf+j5ml+y/6GKHPZbrF/8p2Yga0JPtdqTIY2Xe5ohJPD9saDJJLPvp9+NSBprVvevdXZybnj2cv8OEd0A==",
      "dev": true
    },
    "require-from-string": {
      "version": "2.0.2",
      "resolved": "http://52.83.221.223:4873/require-from-string/-/require-from-string-2.0.2.tgz",
      "integrity": "sha512-Xf0nWe6RseziFMu+Ap9biiUbmplq6S9/p+7w7YXP/JBHhrUDDUhwa+vANyubuqfZWTveU//DYVGsDG7RKL/vEw==",
      "dev": true
    },
    "resolve-from": {
      "version": "5.0.0",
      "resolved": "http://52.83.221.223:4873/resolve-from/-/resolve-from-5.0.0.tgz",
      "integrity": "sha512-qYg9KP24dD5qka9J47d0aVky0N+b4fTU89LN9iDnjB5waksiC49rvMB0PrUJQGoTmH50XPiqOvAjDfaijGxYZw==",
      "dev": true
    },
    "resolve-global": {
      "version": "1.0.0",
      "resolved": "http://52.83.221.223:4873/resolve-global/-/resolve-global-1.0.0.tgz",
      "integrity": "sha512-zFa12V4OLtT5XUX/Q4VLvTfBf+Ok0SPc1FNGM/z9ctUdiU618qwKpWnd0CHs3+RqROfyEg/DhuHbMWYqcgljEw==",
      "dev": true,
      "requires": {
        "global-dirs": "^0.1.1"
      }
    },
    "restore-cursor": {
      "version": "2.0.0",
      "resolved": "http://52.83.221.223:4873/restore-cursor/-/restore-cursor-2.0.0.tgz",
      "integrity": "sha1-n37ih/gv0ybU/RYpI9YhKe7g368=",
      "dev": true,
      "requires": {
        "onetime": "^2.0.0",
        "signal-exit": "^3.0.2"
      }
    },
    "run-async": {
      "version": "2.4.1",
      "resolved": "http://52.83.221.223:4873/run-async/-/run-async-2.4.1.tgz",
      "integrity": "sha512-tvVnVv01b8c1RrA6Ep7JkStj85Guv/YrMcwqYQnwjsAS2cTmmPGBBjAjpCW7RrSodNSoE2/qg9O4bceNvUuDgQ==",
      "dev": true
    },
    "rxjs": {
      "version": "6.6.7",
      "resolved": "http://52.83.221.223:4873/rxjs/-/rxjs-6.6.7.tgz",
      "integrity": "sha512-hTdwr+7yYNIT5n4AMYp85KA6yw2Va0FLa3Rguvbpa4W3I5xynaBZo41cM3XM+4Q6fRMj3sBYIR1VAmZMXYJvRQ==",
      "dev": true,
      "requires": {
        "tslib": "^1.9.0"
      }
    },
    "safer-buffer": {
      "version": "2.1.2",
      "resolved": "http://52.83.221.223:4873/safer-buffer/-/safer-buffer-2.1.2.tgz",
      "integrity": "sha512-YZo3K82SD7Riyi0E1EQPojLz7kpepnSQI9IyPbHHg1XXXevb5dJI7tpyN2ADxGcQbHG7vcyRHk0cbwqcQriUtg==",
      "dev": true
    },
    "shebang-command": {
      "version": "2.0.0",
      "resolved": "http://52.83.221.223:4873/shebang-command/-/shebang-command-2.0.0.tgz",
      "integrity": "sha512-kHxr2zZpYtdmrN1qDjrrX/Z1rR1kG8Dx+gkpK1G4eXmvXswmcE1hTWBWYUzlraYw1/yZp6YuDY77YtvbN0dmDA==",
      "dev": true,
      "requires": {
        "shebang-regex": "^3.0.0"
      }
    },
    "shebang-regex": {
      "version": "3.0.0",
      "resolved": "http://52.83.221.223:4873/shebang-regex/-/shebang-regex-3.0.0.tgz",
      "integrity": "sha512-7++dFhtcx3353uBaq8DDR4NuxBetBzC7ZQOhmTQInHEd6bSrXdiEyzCvG07Z44UYdLShWUyXt5M/yhz8ekcb1A==",
      "dev": true
    },
    "signal-exit": {
      "version": "3.0.7",
      "resolved": "http://52.83.221.223:4873/signal-exit/-/signal-exit-3.0.7.tgz",
      "integrity": "sha512-wnD2ZE+l+SPC/uoS0vXeE9L1+0wuaMqKlfz9AMUo38JsyLSBWSFcHR1Rri62LZc12vLr1gb3jl7iwQhgwpAbGQ==",
      "dev": true
    },
    "string-width": {
      "version": "2.1.1",
      "resolved": "http://52.83.221.223:4873/string-width/-/string-width-2.1.1.tgz",
      "integrity": "sha512-nOqH59deCq9SRHlxq1Aw85Jnt4w6KvLKqWVik6oA9ZklXLNIOlqg4F2yrT1MVaTjAqvVwdfeZ7w7aCvJD7ugkw==",
      "dev": true,
      "requires": {
        "is-fullwidth-code-point": "^2.0.0",
        "strip-ansi": "^4.0.0"
      },
      "dependencies": {
        "strip-ansi": {
          "version": "4.0.0",
          "resolved": "http://52.83.221.223:4873/strip-ansi/-/strip-ansi-4.0.0.tgz",
          "integrity": "sha1-qEeQIusaw2iocTibY1JixQXuNo8=",
          "dev": true,
          "requires": {
            "ansi-regex": "^3.0.0"
          }
        }
      }
    },
    "strip-ansi": {
      "version": "5.2.0",
      "resolved": "http://52.83.221.223:4873/strip-ansi/-/strip-ansi-5.2.0.tgz",
      "integrity": "sha512-DuRs1gKbBqsMKIZlrffwlug8MHkcnpjs5VPmL1PAh+mA30U0DTotfDZ0d2UUsXpPmPmMMJ6W773MaA3J+lbiWA==",
      "dev": true,
      "requires": {
        "ansi-regex": "^4.1.0"
      },
      "dependencies": {
        "ansi-regex": {
          "version": "4.1.1",
          "resolved": "http://52.83.221.223:4873/ansi-regex/-/ansi-regex-4.1.1.tgz",
          "integrity": "sha512-ILlv4k/3f6vfQ4OoP2AGvirOktlQ98ZEL1k9FaQjxa3L1abBgbuTDAdPOpvbGncC0BTVQrl+OM8xZGK6tWXt7g==",
          "dev": true
        }
      }
    },
    "strip-final-newline": {
      "version": "2.0.0",
      "resolved": "http://52.83.221.223:4873/strip-final-newline/-/strip-final-newline-2.0.0.tgz",
      "integrity": "sha512-BrpvfNAE3dcvq7ll3xVumzjKjZQ5tI1sEUIKr3Uoks0XUl45St3FlatVqef9prk4jRDzhW6WZg+3bk93y6pLjA==",
      "dev": true
    },
    "supports-color": {
      "version": "7.2.0",
      "resolved": "http://52.83.221.223:4873/supports-color/-/supports-color-7.2.0.tgz",
      "integrity": "sha512-qpCAvRl9stuOHveKsn7HncJRvv501qIacKzQlO/+Lwxc9+0q2wLyv4Dfvt80/DPn2pqOBsJdDiogXGR9+OvwRw==",
      "dev": true,
      "requires": {
        "has-flag": "^4.0.0"
      }
    },
    "through": {
      "version": "2.3.8",
      "resolved": "http://52.83.221.223:4873/through/-/through-2.3.8.tgz",
      "integrity": "sha1-DdTJ/6q8NXlgsbckEV1+Doai4fU=",
      "dev": true
    },
    "tmp": {
      "version": "0.0.33",
      "resolved": "http://52.83.221.223:4873/tmp/-/tmp-0.0.33.tgz",
      "integrity": "sha512-jRCJlojKnZ3addtTOjdIqoRuPEKBvNXcGYqzO6zWZX8KfKEpnGY5jfggJQ3EjKuu8D4bJRr0y+cYJFmYbImXGw==",
      "dev": true,
      "requires": {
        "os-tmpdir": "~1.0.2"
      }
    },
    "ts-node": {
      "version": "10.9.1",
      "resolved": "http://52.83.221.223:4873/ts-node/-/ts-node-10.9.1.tgz",
      "integrity": "sha512-NtVysVPkxxrwFGUUxGYhfux8k78pQB3JqYBXlLRZgdGUqTO5wU/UyHop5p70iEbGhB7q5KmiZiU0Y3KlJrScEw==",
      "dev": true,
      "requires": {
        "@cspotcode/source-map-support": "^0.8.0",
        "@tsconfig/node10": "^1.0.7",
        "@tsconfig/node12": "^1.0.7",
        "@tsconfig/node14": "^1.0.0",
        "@tsconfig/node16": "^1.0.2",
        "acorn": "^8.4.1",
        "acorn-walk": "^8.1.1",
        "arg": "^4.1.0",
        "create-require": "^1.1.0",
        "diff": "^4.0.1",
        "make-error": "^1.1.1",
        "v8-compile-cache-lib": "^3.0.1",
        "yn": "3.1.1"
      }
    },
    "tslib": {
      "version": "1.14.1",
      "resolved": "http://52.83.221.223:4873/tslib/-/tslib-1.14.1.tgz",
      "integrity": "sha512-Xni35NKzjgMrwevysHTCArtLDpPvye8zV/0E4EyYn43P7/7qvQwPh9BGkHewbMulVntbigmcT7rdX3BNo9wRJg==",
      "dev": true
    },
    "typescript": {
      "version": "4.7.4",
      "resolved": "http://52.83.221.223:4873/typescript/-/typescript-4.7.4.tgz",
      "integrity": "sha512-C0WQT0gezHuw6AdY1M2jxUO83Rjf0HP7Sk1DtXj6j1EwkQNZrHAg2XPWlq62oqEhYvONq5pkC2Y9oPljWToLmQ==",
      "dev": true
    },
    "uri-js": {
      "version": "4.4.1",
      "resolved": "http://52.83.221.223:4873/uri-js/-/uri-js-4.4.1.tgz",
      "integrity": "sha512-7rKUyy33Q1yc98pQ1DAmLtwX109F7TIfWlW1Ydo8Wl1ii1SeHieeh0HHfPeL2fMXK6z0s8ecKs9frCuLJvndBg==",
      "dev": true,
      "requires": {
        "punycode": "^2.1.0"
      }
    },
    "v8-compile-cache-lib": {
      "version": "3.0.1",
      "resolved": "http://52.83.221.223:4873/v8-compile-cache-lib/-/v8-compile-cache-lib-3.0.1.tgz",
      "integrity": "sha512-wa7YjyUGfNZngI/vtK0UHAN+lgDCxBPCylVXGp0zu59Fz5aiGtNXaq3DhIov063MorB+VfufLh3JlF2KdTK3xg==",
      "dev": true
    },
    "which": {
      "version": "2.0.2",
      "resolved": "http://52.83.221.223:4873/which/-/which-2.0.2.tgz",
      "integrity": "sha512-BLI3Tl1TW3Pvl70l3yq3Y64i+awpwXqsGBYWkkqMtnbXgrMD+yj7rhW0kuEDxzJaYXGjEW5ogapKNMEKNMjibA==",
      "dev": true,
      "requires": {
        "isexe": "^2.0.0"
      }
    },
    "yaml": {
      "version": "1.10.2",
      "resolved": "http://52.83.221.223:4873/yaml/-/yaml-1.10.2.tgz",
      "integrity": "sha512-r3vXyErRCYJ7wg28yvBY5VSoAF8ZvlcW9/BwUzEtUsjvX/DKs24dIkuwjtuprwJJHsbyUbLApepYTR1BN4uHrg==",
      "dev": true
    },
    "yn": {
      "version": "3.1.1",
      "resolved": "http://52.83.221.223:4873/yn/-/yn-3.1.1.tgz",
      "integrity": "sha512-Ux4ygGWsu2c7isFWe8Yu1YluJmqVhxqK2cLXNQA5AcC3QfbGNpM7fu0Y8b/z16pXLnFxZYvWhd3fhBY9DLmC6Q==",
      "dev": true
    }
  }
}
